// !$*UTF8*$!
{
	archiveVersion = 1;
	classes = {
	};
	objectVersion = 51;
	objects = {

/* Begin PBXBuildFile section */
		5F2C4BAA22EED21A00E25FD0 /* ExpandableNews.swift in Sources */ = {isa = PBXBuildFile; fileRef = 5F2C4BA922EED21A00E25FD0 /* ExpandableNews.swift */; };
		5F2DBA6A22F164AD002FC63D /* NewsFeedViewModel.swift in Sources */ = {isa = PBXBuildFile; fileRef = 5F2DBA6922F164AD002FC63D /* NewsFeedViewModel.swift */; };
		5F2DBA6C22F168C6002FC63D /* SectionExpandEnum.swift in Sources */ = {isa = PBXBuildFile; fileRef = 5F2DBA6B22F168C6002FC63D /* SectionExpandEnum.swift */; };
		5F2DBA6E22F183B8002FC63D /* FavoritesViewModel.swift in Sources */ = {isa = PBXBuildFile; fileRef = 5F2DBA6D22F183B8002FC63D /* FavoritesViewModel.swift */; };
		5F2DBA7022F183FA002FC63D /* TableViewEnum.swift in Sources */ = {isa = PBXBuildFile; fileRef = 5F2DBA6F22F183FA002FC63D /* TableViewEnum.swift */; };
		5F2DBA7222F184CD002FC63D /* NewsDetailsViewModel.swift in Sources */ = {isa = PBXBuildFile; fileRef = 5F2DBA7122F184CD002FC63D /* NewsDetailsViewModel.swift */; };
		5F2DBA7422F19B44002FC63D /* AlertSubjectEnum.swift in Sources */ = {isa = PBXBuildFile; fileRef = 5F2DBA7322F19B44002FC63D /* AlertSubjectEnum.swift */; };
		5F2DBA7622F19FD6002FC63D /* DataFetchEnum.swift in Sources */ = {isa = PBXBuildFile; fileRef = 5F2DBA7522F19FD6002FC63D /* DataFetchEnum.swift */; };
		5F3760E122E1BB1E00AF9007 /* FavoritesDelegate.swift in Sources */ = {isa = PBXBuildFile; fileRef = 5F3760E022E1BB1E00AF9007 /* FavoritesDelegate.swift */; };
		5F37EFFD22DEFC23007C570E /* RealmNews.swift in Sources */ = {isa = PBXBuildFile; fileRef = 5F37EFFC22DEFC23007C570E /* RealmNews.swift */; };
		5F37EFFF22DF0D55007C570E /* RealmManager.swift in Sources */ = {isa = PBXBuildFile; fileRef = 5F37EFFE22DF0D55007C570E /* RealmManager.swift */; };
		5F37F00122DF4A4F007C570E /* CustomTabBarController.swift in Sources */ = {isa = PBXBuildFile; fileRef = 5F37F00022DF4A4F007C570E /* CustomTabBarController.swift */; };
		5F43665622E86F0A00E015EF /* AlamofireManager.swift in Sources */ = {isa = PBXBuildFile; fileRef = 5F43665522E86F0A00E015EF /* AlamofireManager.swift */; };
		5F642F6022DF5149003847F5 /* FavoritesTableViewController.swift in Sources */ = {isa = PBXBuildFile; fileRef = 5F642F5F22DF5149003847F5 /* FavoritesTableViewController.swift */; };
		5F93A56022DC68A700D15769 /* AppDelegate.swift in Sources */ = {isa = PBXBuildFile; fileRef = 5F93A55F22DC68A700D15769 /* AppDelegate.swift */; };
		5F93A56722DC68A800D15769 /* Assets.xcassets in Resources */ = {isa = PBXBuildFile; fileRef = 5F93A56622DC68A800D15769 /* Assets.xcassets */; };
		5F93A56A22DC68A800D15769 /* LaunchScreen.storyboard in Resources */ = {isa = PBXBuildFile; fileRef = 5F93A56822DC68A800D15769 /* LaunchScreen.storyboard */; };
		5F93A57522DC68A800D15769 /* NewsFactoryTests.swift in Sources */ = {isa = PBXBuildFile; fileRef = 5F93A57422DC68A800D15769 /* NewsFactoryTests.swift */; };
		5F93A58022DC691800D15769 /* NewsTableViewController.swift in Sources */ = {isa = PBXBuildFile; fileRef = 5F93A57F22DC691800D15769 /* NewsTableViewController.swift */; };
		5F93A58222DC6A5D00D15769 /* News.swift in Sources */ = {isa = PBXBuildFile; fileRef = 5F93A58122DC6A5D00D15769 /* News.swift */; };
		5F93A58422DC6CE300D15769 /* NewsTableViewCell.swift in Sources */ = {isa = PBXBuildFile; fileRef = 5F93A58322DC6CE300D15769 /* NewsTableViewCell.swift */; };
		5F93A58822DCB72500D15769 /* NewsDetailsViewController.swift in Sources */ = {isa = PBXBuildFile; fileRef = 5F93A58722DCB72500D15769 /* NewsDetailsViewController.swift */; };
		5F99DA5222F463DB0013196C /* Coordinator.swift in Sources */ = {isa = PBXBuildFile; fileRef = 5F99DA5122F463DB0013196C /* Coordinator.swift */; };
		5F99DA5422F463E70013196C /* AppCoordinator.swift in Sources */ = {isa = PBXBuildFile; fileRef = 5F99DA5322F463E70013196C /* AppCoordinator.swift */; };
		5F99DA5622F464010013196C /* FavoritesCoordinator.swift in Sources */ = {isa = PBXBuildFile; fileRef = 5F99DA5522F464010013196C /* FavoritesCoordinator.swift */; };
		5F99DA5822F4640F0013196C /* NewsFeedCoordinator.swift in Sources */ = {isa = PBXBuildFile; fileRef = 5F99DA5722F4640F0013196C /* NewsFeedCoordinator.swift */; };
		5F99DA5A22F464220013196C /* NewsDetailsCoordinator.swift in Sources */ = {isa = PBXBuildFile; fileRef = 5F99DA5922F464220013196C /* NewsDetailsCoordinator.swift */; };
		5F99DA5C22F464310013196C /* TabBarCoordinator.swift in Sources */ = {isa = PBXBuildFile; fileRef = 5F99DA5B22F464310013196C /* TabBarCoordinator.swift */; };
		5F99DA5E22F464930013196C /* DetailsDelegate.swift in Sources */ = {isa = PBXBuildFile; fileRef = 5F99DA5D22F464930013196C /* DetailsDelegate.swift */; };
		5F99DA6022F464A00013196C /* CoordinatorDelegates.swift in Sources */ = {isa = PBXBuildFile; fileRef = 5F99DA5F22F464A00013196C /* CoordinatorDelegates.swift */; };
		E6C354A58913FE63B0F4F677 /* Pods_NewsFactory.framework in Frameworks */ = {isa = PBXBuildFile; fileRef = 24D9839F2E4820F4399768CA /* Pods_NewsFactory.framework */; };
/* End PBXBuildFile section */

/* Begin PBXContainerItemProxy section */
		5F93A57122DC68A800D15769 /* PBXContainerItemProxy */ = {
			isa = PBXContainerItemProxy;
			containerPortal = 5F93A55422DC68A700D15769 /* Project object */;
			proxyType = 1;
			remoteGlobalIDString = 5F93A55B22DC68A700D15769;
			remoteInfo = NewsFactory;
		};
/* End PBXContainerItemProxy section */

/* Begin PBXFileReference section */
		24D9839F2E4820F4399768CA /* Pods_NewsFactory.framework */ = {isa = PBXFileReference; explicitFileType = wrapper.framework; includeInIndex = 0; path = Pods_NewsFactory.framework; sourceTree = BUILT_PRODUCTS_DIR; };
		5F2C4BA922EED21A00E25FD0 /* ExpandableNews.swift */ = {isa = PBXFileReference; lastKnownFileType = sourcecode.swift; path = ExpandableNews.swift; sourceTree = "<group>"; };
		5F2DBA6922F164AD002FC63D /* NewsFeedViewModel.swift */ = {isa = PBXFileReference; lastKnownFileType = sourcecode.swift; path = NewsFeedViewModel.swift; sourceTree = "<group>"; };
		5F2DBA6B22F168C6002FC63D /* SectionExpandEnum.swift */ = {isa = PBXFileReference; lastKnownFileType = sourcecode.swift; path = SectionExpandEnum.swift; sourceTree = "<group>"; };
		5F2DBA6D22F183B8002FC63D /* FavoritesViewModel.swift */ = {isa = PBXFileReference; lastKnownFileType = sourcecode.swift; path = FavoritesViewModel.swift; sourceTree = "<group>"; };
		5F2DBA6F22F183FA002FC63D /* TableViewEnum.swift */ = {isa = PBXFileReference; lastKnownFileType = sourcecode.swift; path = TableViewEnum.swift; sourceTree = "<group>"; };
		5F2DBA7122F184CD002FC63D /* NewsDetailsViewModel.swift */ = {isa = PBXFileReference; lastKnownFileType = sourcecode.swift; path = NewsDetailsViewModel.swift; sourceTree = "<group>"; };
		5F2DBA7322F19B44002FC63D /* AlertSubjectEnum.swift */ = {isa = PBXFileReference; lastKnownFileType = sourcecode.swift; path = AlertSubjectEnum.swift; sourceTree = "<group>"; };
		5F2DBA7522F19FD6002FC63D /* DataFetchEnum.swift */ = {isa = PBXFileReference; lastKnownFileType = sourcecode.swift; path = DataFetchEnum.swift; sourceTree = "<group>"; };
		5F3760E022E1BB1E00AF9007 /* FavoritesDelegate.swift */ = {isa = PBXFileReference; lastKnownFileType = sourcecode.swift; path = FavoritesDelegate.swift; sourceTree = "<group>"; };
		5F37EFFC22DEFC23007C570E /* RealmNews.swift */ = {isa = PBXFileReference; lastKnownFileType = sourcecode.swift; path = RealmNews.swift; sourceTree = "<group>"; };
		5F37EFFE22DF0D55007C570E /* RealmManager.swift */ = {isa = PBXFileReference; lastKnownFileType = sourcecode.swift; path = RealmManager.swift; sourceTree = "<group>"; };
		5F37F00022DF4A4F007C570E /* CustomTabBarController.swift */ = {isa = PBXFileReference; lastKnownFileType = sourcecode.swift; path = CustomTabBarController.swift; sourceTree = "<group>"; };
		5F43665522E86F0A00E015EF /* AlamofireManager.swift */ = {isa = PBXFileReference; lastKnownFileType = sourcecode.swift; path = AlamofireManager.swift; sourceTree = "<group>"; };
		5F642F5F22DF5149003847F5 /* FavoritesTableViewController.swift */ = {isa = PBXFileReference; lastKnownFileType = sourcecode.swift; path = FavoritesTableViewController.swift; sourceTree = "<group>"; };
		5F93A55C22DC68A700D15769 /* NewsFactory.app */ = {isa = PBXFileReference; explicitFileType = wrapper.application; includeInIndex = 0; path = NewsFactory.app; sourceTree = BUILT_PRODUCTS_DIR; };
		5F93A55F22DC68A700D15769 /* AppDelegate.swift */ = {isa = PBXFileReference; lastKnownFileType = sourcecode.swift; path = AppDelegate.swift; sourceTree = "<group>"; };
		5F93A56622DC68A800D15769 /* Assets.xcassets */ = {isa = PBXFileReference; lastKnownFileType = folder.assetcatalog; path = Assets.xcassets; sourceTree = "<group>"; };
		5F93A56922DC68A800D15769 /* Base */ = {isa = PBXFileReference; lastKnownFileType = file.storyboard; name = Base; path = Base.lproj/LaunchScreen.storyboard; sourceTree = "<group>"; };
		5F93A56B22DC68A800D15769 /* Info.plist */ = {isa = PBXFileReference; lastKnownFileType = text.plist.xml; path = Info.plist; sourceTree = "<group>"; };
		5F93A57022DC68A800D15769 /* NewsFactoryTests.xctest */ = {isa = PBXFileReference; explicitFileType = wrapper.cfbundle; includeInIndex = 0; path = NewsFactoryTests.xctest; sourceTree = BUILT_PRODUCTS_DIR; };
		5F93A57422DC68A800D15769 /* NewsFactoryTests.swift */ = {isa = PBXFileReference; lastKnownFileType = sourcecode.swift; path = NewsFactoryTests.swift; sourceTree = "<group>"; };
		5F93A57622DC68A800D15769 /* Info.plist */ = {isa = PBXFileReference; lastKnownFileType = text.plist.xml; path = Info.plist; sourceTree = "<group>"; };
		5F93A57F22DC691800D15769 /* NewsTableViewController.swift */ = {isa = PBXFileReference; lastKnownFileType = sourcecode.swift; path = NewsTableViewController.swift; sourceTree = "<group>"; };
		5F93A58122DC6A5D00D15769 /* News.swift */ = {isa = PBXFileReference; lastKnownFileType = sourcecode.swift; path = News.swift; sourceTree = "<group>"; };
		5F93A58322DC6CE300D15769 /* NewsTableViewCell.swift */ = {isa = PBXFileReference; lastKnownFileType = sourcecode.swift; path = NewsTableViewCell.swift; sourceTree = "<group>"; };
		5F93A58722DCB72500D15769 /* NewsDetailsViewController.swift */ = {isa = PBXFileReference; lastKnownFileType = sourcecode.swift; path = NewsDetailsViewController.swift; sourceTree = "<group>"; };
		5F99DA5122F463DB0013196C /* Coordinator.swift */ = {isa = PBXFileReference; lastKnownFileType = sourcecode.swift; path = Coordinator.swift; sourceTree = "<group>"; };
		5F99DA5322F463E70013196C /* AppCoordinator.swift */ = {isa = PBXFileReference; lastKnownFileType = sourcecode.swift; path = AppCoordinator.swift; sourceTree = "<group>"; };
		5F99DA5522F464010013196C /* FavoritesCoordinator.swift */ = {isa = PBXFileReference; lastKnownFileType = sourcecode.swift; path = FavoritesCoordinator.swift; sourceTree = "<group>"; };
		5F99DA5722F4640F0013196C /* NewsFeedCoordinator.swift */ = {isa = PBXFileReference; lastKnownFileType = sourcecode.swift; path = NewsFeedCoordinator.swift; sourceTree = "<group>"; };
		5F99DA5922F464220013196C /* NewsDetailsCoordinator.swift */ = {isa = PBXFileReference; lastKnownFileType = sourcecode.swift; path = NewsDetailsCoordinator.swift; sourceTree = "<group>"; };
		5F99DA5B22F464310013196C /* TabBarCoordinator.swift */ = {isa = PBXFileReference; lastKnownFileType = sourcecode.swift; path = TabBarCoordinator.swift; sourceTree = "<group>"; };
		5F99DA5D22F464930013196C /* DetailsDelegate.swift */ = {isa = PBXFileReference; lastKnownFileType = sourcecode.swift; path = DetailsDelegate.swift; sourceTree = "<group>"; };
		5F99DA5F22F464A00013196C /* CoordinatorDelegates.swift */ = {isa = PBXFileReference; lastKnownFileType = sourcecode.swift; path = CoordinatorDelegates.swift; sourceTree = "<group>"; };
		70515CAA92FBB8B95592340C /* Pods-NewsFactory.release.xcconfig */ = {isa = PBXFileReference; includeInIndex = 1; lastKnownFileType = text.xcconfig; name = "Pods-NewsFactory.release.xcconfig"; path = "Target Support Files/Pods-NewsFactory/Pods-NewsFactory.release.xcconfig"; sourceTree = "<group>"; };
		AD01A22AC9D09AE4FB0070ED /* Pods-NewsFactory.debug.xcconfig */ = {isa = PBXFileReference; includeInIndex = 1; lastKnownFileType = text.xcconfig; name = "Pods-NewsFactory.debug.xcconfig"; path = "Target Support Files/Pods-NewsFactory/Pods-NewsFactory.debug.xcconfig"; sourceTree = "<group>"; };
/* End PBXFileReference section */

/* Begin PBXFrameworksBuildPhase section */
		5F93A55922DC68A700D15769 /* Frameworks */ = {
			isa = PBXFrameworksBuildPhase;
			buildActionMask = 2147483647;
			files = (
				E6C354A58913FE63B0F4F677 /* Pods_NewsFactory.framework in Frameworks */,
			);
			runOnlyForDeploymentPostprocessing = 0;
		};
		5F93A56D22DC68A800D15769 /* Frameworks */ = {
			isa = PBXFrameworksBuildPhase;
			buildActionMask = 2147483647;
			files = (
			);
			runOnlyForDeploymentPostprocessing = 0;
		};
/* End PBXFrameworksBuildPhase section */

/* Begin PBXGroup section */
		48BEFA0E78C0E3FE820356E4 /* Pods */ = {
			isa = PBXGroup;
			children = (
				AD01A22AC9D09AE4FB0070ED /* Pods-NewsFactory.debug.xcconfig */,
				70515CAA92FBB8B95592340C /* Pods-NewsFactory.release.xcconfig */,
			);
			path = Pods;
			sourceTree = "<group>";
		};
		5F2B5B4222F083F200CC01CC /* Delegates */ = {
			isa = PBXGroup;
			children = (
				5F93A55F22DC68A700D15769 /* AppDelegate.swift */,
				5F3760E022E1BB1E00AF9007 /* FavoritesDelegate.swift */,
				5F99DA5D22F464930013196C /* DetailsDelegate.swift */,
				5F99DA5F22F464A00013196C /* CoordinatorDelegates.swift */,
			);
			path = Delegates;
			sourceTree = "<group>";
		};
		5F2B5B4322F083F400CC01CC /* DetailsScreen */ = {
			isa = PBXGroup;
			children = (
				5F93A58722DCB72500D15769 /* NewsDetailsViewController.swift */,
				5F2DBA7122F184CD002FC63D /* NewsDetailsViewModel.swift */,
				5F99DA5922F464220013196C /* NewsDetailsCoordinator.swift */,
			);
			path = DetailsScreen;
			sourceTree = "<group>";
		};
		5F2B5B4422F083F500CC01CC /* TableView */ = {
			isa = PBXGroup;
			children = (
				5F2B5B4B22F084B300CC01CC /* Favorites */,
				5F2B5B4A22F084A900CC01CC /* NewsFeed */,
				5F93A58322DC6CE300D15769 /* NewsTableViewCell.swift */,
			);
			path = TableView;
			sourceTree = "<group>";
		};
		5F2B5B4522F083F700CC01CC /* Enums */ = {
			isa = PBXGroup;
			children = (
				5F2DBA6B22F168C6002FC63D /* SectionExpandEnum.swift */,
				5F2DBA6F22F183FA002FC63D /* TableViewEnum.swift */,
				5F2DBA7322F19B44002FC63D /* AlertSubjectEnum.swift */,
				5F2DBA7522F19FD6002FC63D /* DataFetchEnum.swift */,
			);
			path = Enums;
			sourceTree = "<group>";
		};
		5F2B5B4622F083F900CC01CC /* Networking */ = {
			isa = PBXGroup;
			children = (
				5F43665522E86F0A00E015EF /* AlamofireManager.swift */,
			);
			path = Networking;
			sourceTree = "<group>";
		};
		5F2B5B4722F083FB00CC01CC /* Persistence */ = {
			isa = PBXGroup;
			children = (
				5F2B5B4C22F084C800CC01CC /* Model */,
				5F37EFFE22DF0D55007C570E /* RealmManager.swift */,
			);
			path = Persistence;
			sourceTree = "<group>";
		};
		5F2B5B4822F083FC00CC01CC /* TabBarController */ = {
			isa = PBXGroup;
			children = (
				5F37F00022DF4A4F007C570E /* CustomTabBarController.swift */,
				5F99DA5B22F464310013196C /* TabBarCoordinator.swift */,
			);
			path = TabBarController;
			sourceTree = "<group>";
		};
		5F2B5B4922F0846B00CC01CC /* NewsModel */ = {
			isa = PBXGroup;
			children = (
				5F93A58122DC6A5D00D15769 /* News.swift */,
				5F2C4BA922EED21A00E25FD0 /* ExpandableNews.swift */,
			);
			path = NewsModel;
			sourceTree = "<group>";
		};
		5F2B5B4A22F084A900CC01CC /* NewsFeed */ = {
			isa = PBXGroup;
			children = (
				5F93A57F22DC691800D15769 /* NewsTableViewController.swift */,
				5F2DBA6922F164AD002FC63D /* NewsFeedViewModel.swift */,
				5F99DA5722F4640F0013196C /* NewsFeedCoordinator.swift */,
			);
			path = NewsFeed;
			sourceTree = "<group>";
		};
		5F2B5B4B22F084B300CC01CC /* Favorites */ = {
			isa = PBXGroup;
			children = (
				5F642F5F22DF5149003847F5 /* FavoritesTableViewController.swift */,
				5F2DBA6D22F183B8002FC63D /* FavoritesViewModel.swift */,
				5F99DA5522F464010013196C /* FavoritesCoordinator.swift */,
			);
			path = Favorites;
			sourceTree = "<group>";
		};
		5F2B5B4C22F084C800CC01CC /* Model */ = {
			isa = PBXGroup;
			children = (
				5F37EFFC22DEFC23007C570E /* RealmNews.swift */,
			);
			path = Model;
			sourceTree = "<group>";
		};
		5F93A55322DC68A700D15769 = {
			isa = PBXGroup;
			children = (
				5F93A55E22DC68A700D15769 /* NewsFactory */,
				5F93A57322DC68A800D15769 /* NewsFactoryTests */,
				5F93A55D22DC68A700D15769 /* Products */,
				48BEFA0E78C0E3FE820356E4 /* Pods */,
				C5C93FDF2B410B628C4534ED /* Frameworks */,
			);
			sourceTree = "<group>";
		};
		5F93A55D22DC68A700D15769 /* Products */ = {
			isa = PBXGroup;
			children = (
				5F93A55C22DC68A700D15769 /* NewsFactory.app */,
				5F93A57022DC68A800D15769 /* NewsFactoryTests.xctest */,
			);
			name = Products;
			sourceTree = "<group>";
		};
		5F93A55E22DC68A700D15769 /* NewsFactory */ = {
			isa = PBXGroup;
			children = (
				5F99DA5022F463CA0013196C /* Coordinator */,
				5F2B5B4222F083F200CC01CC /* Delegates */,
				5F2B5B4922F0846B00CC01CC /* NewsModel */,
				5F2B5B4522F083F700CC01CC /* Enums */,
				5F2B5B4722F083FB00CC01CC /* Persistence */,
				5F2B5B4622F083F900CC01CC /* Networking */,
				5F2B5B4422F083F500CC01CC /* TableView */,
				5F2B5B4322F083F400CC01CC /* DetailsScreen */,
				5F2B5B4822F083FC00CC01CC /* TabBarController */,
				5F93A56622DC68A800D15769 /* Assets.xcassets */,
				5F93A56822DC68A800D15769 /* LaunchScreen.storyboard */,
				5F93A56B22DC68A800D15769 /* Info.plist */,
			);
			path = NewsFactory;
			sourceTree = "<group>";
		};
		5F93A57322DC68A800D15769 /* NewsFactoryTests */ = {
			isa = PBXGroup;
			children = (
				5F93A57422DC68A800D15769 /* NewsFactoryTests.swift */,
				5F93A57622DC68A800D15769 /* Info.plist */,
			);
			path = NewsFactoryTests;
			sourceTree = "<group>";
		};
		5F99DA5022F463CA0013196C /* Coordinator */ = {
			isa = PBXGroup;
			children = (
				5F99DA5122F463DB0013196C /* Coordinator.swift */,
				5F99DA5322F463E70013196C /* AppCoordinator.swift */,
			);
			path = Coordinator;
			sourceTree = "<group>";
		};
		C5C93FDF2B410B628C4534ED /* Frameworks */ = {
			isa = PBXGroup;
			children = (
				24D9839F2E4820F4399768CA /* Pods_NewsFactory.framework */,
			);
			name = Frameworks;
			sourceTree = "<group>";
		};
/* End PBXGroup section */

/* Begin PBXNativeTarget section */
		5F93A55B22DC68A700D15769 /* NewsFactory */ = {
			isa = PBXNativeTarget;
			buildConfigurationList = 5F93A57922DC68A800D15769 /* Build configuration list for PBXNativeTarget "NewsFactory" */;
			buildPhases = (
				4F8B1A006E54CE1047E746E5 /* [CP] Check Pods Manifest.lock */,
				5F93A55822DC68A700D15769 /* Sources */,
				5F93A55922DC68A700D15769 /* Frameworks */,
				5F93A55A22DC68A700D15769 /* Resources */,
				88E73D78D6083C64C5BE6303 /* [CP] Embed Pods Frameworks */,
			);
			buildRules = (
			);
			dependencies = (
			);
			name = NewsFactory;
			productName = NewsFactory;
			productReference = 5F93A55C22DC68A700D15769 /* NewsFactory.app */;
			productType = "com.apple.product-type.application";
		};
		5F93A56F22DC68A800D15769 /* NewsFactoryTests */ = {
			isa = PBXNativeTarget;
			buildConfigurationList = 5F93A57C22DC68A800D15769 /* Build configuration list for PBXNativeTarget "NewsFactoryTests" */;
			buildPhases = (
				5F93A56C22DC68A800D15769 /* Sources */,
				5F93A56D22DC68A800D15769 /* Frameworks */,
				5F93A56E22DC68A800D15769 /* Resources */,
			);
			buildRules = (
			);
			dependencies = (
				5F93A57222DC68A800D15769 /* PBXTargetDependency */,
			);
			name = NewsFactoryTests;
			productName = NewsFactoryTests;
			productReference = 5F93A57022DC68A800D15769 /* NewsFactoryTests.xctest */;
			productType = "com.apple.product-type.bundle.unit-test";
		};
/* End PBXNativeTarget section */

/* Begin PBXProject section */
		5F93A55422DC68A700D15769 /* Project object */ = {
			isa = PBXProject;
			attributes = {
				LastSwiftUpdateCheck = 1020;
				LastUpgradeCheck = 1020;
				ORGANIZATIONNAME = "Josip Marković";
				TargetAttributes = {
					5F93A55B22DC68A700D15769 = {
						CreatedOnToolsVersion = 10.2.1;
					};
					5F93A56F22DC68A800D15769 = {
						CreatedOnToolsVersion = 10.2.1;
						TestTargetID = 5F93A55B22DC68A700D15769;
					};
				};
			};
			buildConfigurationList = 5F93A55722DC68A700D15769 /* Build configuration list for PBXProject "NewsFactory" */;
			compatibilityVersion = "Xcode 9.3";
			developmentRegion = en;
			hasScannedForEncodings = 0;
			knownRegions = (
				en,
				Base,
			);
			mainGroup = 5F93A55322DC68A700D15769;
			productRefGroup = 5F93A55D22DC68A700D15769 /* Products */;
			projectDirPath = "";
			projectRoot = "";
			targets = (
				5F93A55B22DC68A700D15769 /* NewsFactory */,
				5F93A56F22DC68A800D15769 /* NewsFactoryTests */,
			);
		};
/* End PBXProject section */

/* Begin PBXResourcesBuildPhase section */
		5F93A55A22DC68A700D15769 /* Resources */ = {
			isa = PBXResourcesBuildPhase;
			buildActionMask = 2147483647;
			files = (
				5F93A56A22DC68A800D15769 /* LaunchScreen.storyboard in Resources */,
				5F93A56722DC68A800D15769 /* Assets.xcassets in Resources */,
			);
			runOnlyForDeploymentPostprocessing = 0;
		};
		5F93A56E22DC68A800D15769 /* Resources */ = {
			isa = PBXResourcesBuildPhase;
			buildActionMask = 2147483647;
			files = (
			);
			runOnlyForDeploymentPostprocessing = 0;
		};
/* End PBXResourcesBuildPhase section */

/* Begin PBXShellScriptBuildPhase section */
		4F8B1A006E54CE1047E746E5 /* [CP] Check Pods Manifest.lock */ = {
			isa = PBXShellScriptBuildPhase;
			buildActionMask = 2147483647;
			files = (
			);
			inputFileListPaths = (
			);
			inputPaths = (
				"${PODS_PODFILE_DIR_PATH}/Podfile.lock",
				"${PODS_ROOT}/Manifest.lock",
			);
			name = "[CP] Check Pods Manifest.lock";
			outputFileListPaths = (
			);
			outputPaths = (
				"$(DERIVED_FILE_DIR)/Pods-NewsFactory-checkManifestLockResult.txt",
			);
			runOnlyForDeploymentPostprocessing = 0;
			shellPath = /bin/sh;
			shellScript = "diff \"${PODS_PODFILE_DIR_PATH}/Podfile.lock\" \"${PODS_ROOT}/Manifest.lock\" > /dev/null\nif [ $? != 0 ] ; then\n    # print error to STDERR\n    echo \"error: The sandbox is not in sync with the Podfile.lock. Run 'pod install' or update your CocoaPods installation.\" >&2\n    exit 1\nfi\n# This output is used by Xcode 'outputs' to avoid re-running this script phase.\necho \"SUCCESS\" > \"${SCRIPT_OUTPUT_FILE_0}\"\n";
			showEnvVarsInLog = 0;
		};
		88E73D78D6083C64C5BE6303 /* [CP] Embed Pods Frameworks */ = {
			isa = PBXShellScriptBuildPhase;
			buildActionMask = 2147483647;
			files = (
			);
			inputFileListPaths = (
				"${PODS_ROOT}/Target Support Files/Pods-NewsFactory/Pods-NewsFactory-frameworks-${CONFIGURATION}-input-files.xcfilelist",
			);
			name = "[CP] Embed Pods Frameworks";
			outputFileListPaths = (
				"${PODS_ROOT}/Target Support Files/Pods-NewsFactory/Pods-NewsFactory-frameworks-${CONFIGURATION}-output-files.xcfilelist",
			);
			runOnlyForDeploymentPostprocessing = 0;
			shellPath = /bin/sh;
			shellScript = "\"${PODS_ROOT}/Target Support Files/Pods-NewsFactory/Pods-NewsFactory-frameworks.sh\"\n";
			showEnvVarsInLog = 0;
		};
/* End PBXShellScriptBuildPhase section */

/* Begin PBXSourcesBuildPhase section */
		5F93A55822DC68A700D15769 /* Sources */ = {
			isa = PBXSourcesBuildPhase;
			buildActionMask = 2147483647;
			files = (
				5F2DBA6E22F183B8002FC63D /* FavoritesViewModel.swift in Sources */,
				5F2C4BAA22EED21A00E25FD0 /* ExpandableNews.swift in Sources */,
				5F37EFFD22DEFC23007C570E /* RealmNews.swift in Sources */,
				5F99DA6022F464A00013196C /* CoordinatorDelegates.swift in Sources */,
				5F99DA5C22F464310013196C /* TabBarCoordinator.swift in Sources */,
				5F93A58822DCB72500D15769 /* NewsDetailsViewController.swift in Sources */,
				5F37F00122DF4A4F007C570E /* CustomTabBarController.swift in Sources */,
				5F642F6022DF5149003847F5 /* FavoritesTableViewController.swift in Sources */,
				5F99DA5A22F464220013196C /* NewsDetailsCoordinator.swift in Sources */,
				5F99DA5422F463E70013196C /* AppCoordinator.swift in Sources */,
				5F2DBA7022F183FA002FC63D /* TableViewEnum.swift in Sources */,
				5F93A58222DC6A5D00D15769 /* News.swift in Sources */,
				5F2DBA7622F19FD6002FC63D /* DataFetchEnum.swift in Sources */,
				5F93A58022DC691800D15769 /* NewsTableViewController.swift in Sources */,
				5F99DA5E22F464930013196C /* DetailsDelegate.swift in Sources */,
				5F93A58422DC6CE300D15769 /* NewsTableViewCell.swift in Sources */,
				5F99DA5822F4640F0013196C /* NewsFeedCoordinator.swift in Sources */,
				5F2DBA7422F19B44002FC63D /* AlertSubjectEnum.swift in Sources */,
				5F99DA5222F463DB0013196C /* Coordinator.swift in Sources */,
				5F2DBA6A22F164AD002FC63D /* NewsFeedViewModel.swift in Sources */,
				5F2DBA7222F184CD002FC63D /* NewsDetailsViewModel.swift in Sources */,
				5F37EFFF22DF0D55007C570E /* RealmManager.swift in Sources */,
				5F2DBA6C22F168C6002FC63D /* SectionExpandEnum.swift in Sources */,
				5F99DA5622F464010013196C /* FavoritesCoordinator.swift in Sources */,
				5F43665622E86F0A00E015EF /* AlamofireManager.swift in Sources */,
				5F3760E122E1BB1E00AF9007 /* FavoritesDelegate.swift in Sources */,
				5F93A56022DC68A700D15769 /* AppDelegate.swift in Sources */,
			);
			runOnlyForDeploymentPostprocessing = 0;
		};
		5F93A56C22DC68A800D15769 /* Sources */ = {
			isa = PBXSourcesBuildPhase;
			buildActionMask = 2147483647;
			files = (
				5F93A57522DC68A800D15769 /* NewsFactoryTests.swift in Sources */,
			);
			runOnlyForDeploymentPostprocessing = 0;
		};
/* End PBXSourcesBuildPhase section */

/* Begin PBXTargetDependency section */
		5F93A57222DC68A800D15769 /* PBXTargetDependency */ = {
			isa = PBXTargetDependency;
			target = 5F93A55B22DC68A700D15769 /* NewsFactory */;
			targetProxy = 5F93A57122DC68A800D15769 /* PBXContainerItemProxy */;
		};
/* End PBXTargetDependency section */

/* Begin PBXVariantGroup section */
		5F93A56822DC68A800D15769 /* LaunchScreen.storyboard */ = {
			isa = PBXVariantGroup;
			children = (
				5F93A56922DC68A800D15769 /* Base */,
			);
			name = LaunchScreen.storyboard;
			sourceTree = "<group>";
		};
/* End PBXVariantGroup section */

/* Begin XCBuildConfiguration section */
		5F93A57722DC68A800D15769 /* Debug */ = {
			isa = XCBuildConfiguration;
			buildSettings = {
				ALWAYS_SEARCH_USER_PATHS = NO;
				CLANG_ANALYZER_NONNULL = YES;
				CLANG_ANALYZER_NUMBER_OBJECT_CONVERSION = YES_AGGRESSIVE;
				CLANG_CXX_LANGUAGE_STANDARD = "gnu++14";
				CLANG_CXX_LIBRARY = "libc++";
				CLANG_ENABLE_MODULES = YES;
				CLANG_ENABLE_OBJC_ARC = YES;
				CLANG_ENABLE_OBJC_WEAK = YES;
				CLANG_WARN_BLOCK_CAPTURE_AUTORELEASING = YES;
				CLANG_WARN_BOOL_CONVERSION = YES;
				CLANG_WARN_COMMA = YES;
				CLANG_WARN_CONSTANT_CONVERSION = YES;
				CLANG_WARN_DEPRECATED_OBJC_IMPLEMENTATIONS = YES;
				CLANG_WARN_DIRECT_OBJC_ISA_USAGE = YES_ERROR;
				CLANG_WARN_DOCUMENTATION_COMMENTS = YES;
				CLANG_WARN_EMPTY_BODY = YES;
				CLANG_WARN_ENUM_CONVERSION = YES;
				CLANG_WARN_INFINITE_RECURSION = YES;
				CLANG_WARN_INT_CONVERSION = YES;
				CLANG_WARN_NON_LITERAL_NULL_CONVERSION = YES;
				CLANG_WARN_OBJC_IMPLICIT_RETAIN_SELF = YES;
				CLANG_WARN_OBJC_LITERAL_CONVERSION = YES;
				CLANG_WARN_OBJC_ROOT_CLASS = YES_ERROR;
				CLANG_WARN_RANGE_LOOP_ANALYSIS = YES;
				CLANG_WARN_STRICT_PROTOTYPES = YES;
				CLANG_WARN_SUSPICIOUS_MOVE = YES;
				CLANG_WARN_UNGUARDED_AVAILABILITY = YES_AGGRESSIVE;
				CLANG_WARN_UNREACHABLE_CODE = YES;
				CLANG_WARN__DUPLICATE_METHOD_MATCH = YES;
				CODE_SIGN_IDENTITY = "iPhone Developer";
				COPY_PHASE_STRIP = NO;
				DEBUG_INFORMATION_FORMAT = dwarf;
				ENABLE_STRICT_OBJC_MSGSEND = YES;
				ENABLE_TESTABILITY = YES;
				GCC_C_LANGUAGE_STANDARD = gnu11;
				GCC_DYNAMIC_NO_PIC = NO;
				GCC_NO_COMMON_BLOCKS = YES;
				GCC_OPTIMIZATION_LEVEL = 0;
				GCC_PREPROCESSOR_DEFINITIONS = (
					"DEBUG=1",
					"$(inherited)",
				);
				GCC_WARN_64_TO_32_BIT_CONVERSION = YES;
				GCC_WARN_ABOUT_RETURN_TYPE = YES_ERROR;
				GCC_WARN_UNDECLARED_SELECTOR = YES;
				GCC_WARN_UNINITIALIZED_AUTOS = YES_AGGRESSIVE;
				GCC_WARN_UNUSED_FUNCTION = YES;
				GCC_WARN_UNUSED_VARIABLE = YES;
				IPHONEOS_DEPLOYMENT_TARGET = 12.2;
				MTL_ENABLE_DEBUG_INFO = INCLUDE_SOURCE;
				MTL_FAST_MATH = YES;
				ONLY_ACTIVE_ARCH = YES;
				SDKROOT = iphoneos;
				SWIFT_ACTIVE_COMPILATION_CONDITIONS = DEBUG;
				SWIFT_OPTIMIZATION_LEVEL = "-Onone";
			};
			name = Debug;
		};
		5F93A57822DC68A800D15769 /* Release */ = {
			isa = XCBuildConfiguration;
			buildSettings = {
				ALWAYS_SEARCH_USER_PATHS = NO;
				CLANG_ANALYZER_NONNULL = YES;
				CLANG_ANALYZER_NUMBER_OBJECT_CONVERSION = YES_AGGRESSIVE;
				CLANG_CXX_LANGUAGE_STANDARD = "gnu++14";
				CLANG_CXX_LIBRARY = "libc++";
				CLANG_ENABLE_MODULES = YES;
				CLANG_ENABLE_OBJC_ARC = YES;
				CLANG_ENABLE_OBJC_WEAK = YES;
				CLANG_WARN_BLOCK_CAPTURE_AUTORELEASING = YES;
				CLANG_WARN_BOOL_CONVERSION = YES;
				CLANG_WARN_COMMA = YES;
				CLANG_WARN_CONSTANT_CONVERSION = YES;
				CLANG_WARN_DEPRECATED_OBJC_IMPLEMENTATIONS = YES;
				CLANG_WARN_DIRECT_OBJC_ISA_USAGE = YES_ERROR;
				CLANG_WARN_DOCUMENTATION_COMMENTS = YES;
				CLANG_WARN_EMPTY_BODY = YES;
				CLANG_WARN_ENUM_CONVERSION = YES;
				CLANG_WARN_INFINITE_RECURSION = YES;
				CLANG_WARN_INT_CONVERSION = YES;
				CLANG_WARN_NON_LITERAL_NULL_CONVERSION = YES;
				CLANG_WARN_OBJC_IMPLICIT_RETAIN_SELF = YES;
				CLANG_WARN_OBJC_LITERAL_CONVERSION = YES;
				CLANG_WARN_OBJC_ROOT_CLASS = YES_ERROR;
				CLANG_WARN_RANGE_LOOP_ANALYSIS = YES;
				CLANG_WARN_STRICT_PROTOTYPES = YES;
				CLANG_WARN_SUSPICIOUS_MOVE = YES;
				CLANG_WARN_UNGUARDED_AVAILABILITY = YES_AGGRESSIVE;
				CLANG_WARN_UNREACHABLE_CODE = YES;
				CLANG_WARN__DUPLICATE_METHOD_MATCH = YES;
				CODE_SIGN_IDENTITY = "iPhone Developer";
				COPY_PHASE_STRIP = NO;
				DEBUG_INFORMATION_FORMAT = "dwarf-with-dsym";
				ENABLE_NS_ASSERTIONS = NO;
				ENABLE_STRICT_OBJC_MSGSEND = YES;
				GCC_C_LANGUAGE_STANDARD = gnu11;
				GCC_NO_COMMON_BLOCKS = YES;
				GCC_WARN_64_TO_32_BIT_CONVERSION = YES;
				GCC_WARN_ABOUT_RETURN_TYPE = YES_ERROR;
				GCC_WARN_UNDECLARED_SELECTOR = YES;
				GCC_WARN_UNINITIALIZED_AUTOS = YES_AGGRESSIVE;
				GCC_WARN_UNUSED_FUNCTION = YES;
				GCC_WARN_UNUSED_VARIABLE = YES;
				IPHONEOS_DEPLOYMENT_TARGET = 12.2;
				MTL_ENABLE_DEBUG_INFO = NO;
				MTL_FAST_MATH = YES;
				SDKROOT = iphoneos;
				SWIFT_COMPILATION_MODE = wholemodule;
				SWIFT_OPTIMIZATION_LEVEL = "-O";
				VALIDATE_PRODUCT = YES;
			};
			name = Release;
		};
		5F93A57A22DC68A800D15769 /* Debug */ = {
			isa = XCBuildConfiguration;
			baseConfigurationReference = AD01A22AC9D09AE4FB0070ED /* Pods-NewsFactory.debug.xcconfig */;
			buildSettings = {
				ASSETCATALOG_COMPILER_APPICON_NAME = AppIcon;
				CODE_SIGN_STYLE = Automatic;
				INFOPLIST_FILE = NewsFactory/Info.plist;
				LD_RUNPATH_SEARCH_PATHS = (
					"$(inherited)",
					"@executable_path/Frameworks",
				);
				PRODUCT_BUNDLE_IDENTIFIER = com.example.NewsFactory;
				PRODUCT_NAME = "$(TARGET_NAME)";
				SWIFT_VERSION = 5.0;
				TARGETED_DEVICE_FAMILY = "1,2";
			};
			name = Debug;
		};
		5F93A57B22DC68A800D15769 /* Release */ = {
			isa = XCBuildConfiguration;
			baseConfigurationReference = 70515CAA92FBB8B95592340C /* Pods-NewsFactory.release.xcconfig */;
			buildSettings = {
				ASSETCATALOG_COMPILER_APPICON_NAME = AppIcon;
				CODE_SIGN_STYLE = Automatic;
				INFOPLIST_FILE = NewsFactory/Info.plist;
				LD_RUNPATH_SEARCH_PATHS = (
					"$(inherited)",
					"@executable_path/Frameworks",
				);
				PRODUCT_BUNDLE_IDENTIFIER = com.example.NewsFactory;
				PRODUCT_NAME = "$(TARGET_NAME)";
				SWIFT_VERSION = 5.0;
				TARGETED_DEVICE_FAMILY = "1,2";
			};
			name = Release;
		};
		5F93A57D22DC68A800D15769 /* Debug */ = {
			isa = XCBuildConfiguration;
			buildSettings = {
				ALWAYS_EMBED_SWIFT_STANDARD_LIBRARIES = YES;
				BUNDLE_LOADER = "$(TEST_HOST)";
				CODE_SIGN_STYLE = Automatic;
				INFOPLIST_FILE = NewsFactoryTests/Info.plist;
				LD_RUNPATH_SEARCH_PATHS = (
					"$(inherited)",
					"@executable_path/Frameworks",
					"@loader_path/Frameworks",
				);
				PRODUCT_BUNDLE_IDENTIFIER = com.example.NewsFactoryTests;
				PRODUCT_NAME = "$(TARGET_NAME)";
				SWIFT_VERSION = 5.0;
				TARGETED_DEVICE_FAMILY = "1,2";
				TEST_HOST = "$(BUILT_PRODUCTS_DIR)/NewsFactory.app/NewsFactory";
			};
			name = Debug;
		};
		5F93A57E22DC68A800D15769 /* Release */ = {
			isa = XCBuildConfiguration;
			buildSettings = {
				ALWAYS_EMBED_SWIFT_STANDARD_LIBRARIES = YES;
				BUNDLE_LOADER = "$(TEST_HOST)";
				CODE_SIGN_STYLE = Automatic;
				INFOPLIST_FILE = NewsFactoryTests/Info.plist;
				LD_RUNPATH_SEARCH_PATHS = (
					"$(inherited)",
					"@executable_path/Frameworks",
					"@loader_path/Frameworks",
				);
				PRODUCT_BUNDLE_IDENTIFIER = com.example.NewsFactoryTests;
				PRODUCT_NAME = "$(TARGET_NAME)";
				SWIFT_VERSION = 5.0;
				TARGETED_DEVICE_FAMILY = "1,2";
				TEST_HOST = "$(BUILT_PRODUCTS_DIR)/NewsFactory.app/NewsFactory";
			};
			name = Release;
		};
/* End XCBuildConfiguration section */

/* Begin XCConfigurationList section */
		5F93A55722DC68A700D15769 /* Build configuration list for PBXProject "NewsFactory" */ = {
			isa = XCConfigurationList;
			buildConfigurations = (
				5F93A57722DC68A800D15769 /* Debug */,
				5F93A57822DC68A800D15769 /* Release */,
			);
			defaultConfigurationIsVisible = 0;
			defaultConfigurationName = Release;
		};
		5F93A57922DC68A800D15769 /* Build configuration list for PBXNativeTarget "NewsFactory" */ = {
			isa = XCConfigurationList;
			buildConfigurations = (
				5F93A57A22DC68A800D15769 /* Debug */,
				5F93A57B22DC68A800D15769 /* Release */,
			);
			defaultConfigurationIsVisible = 0;
			defaultConfigurationName = Release;
		};
		5F93A57C22DC68A800D15769 /* Build configuration list for PBXNativeTarget "NewsFactoryTests" */ = {
			isa = XCConfigurationList;
			buildConfigurations = (
				5F93A57D22DC68A800D15769 /* Debug */,
				5F93A57E22DC68A800D15769 /* Release */,
			);
			defaultConfigurationIsVisible = 0;
			defaultConfigurationName = Release;
		};
/* End XCConfigurationList section */
	};
	rootObject = 5F93A55422DC68A700D15769 /* Project object */;
}
